
Microsoft Visual Studio Solution File, Format Version 12.00
# Visual Studio Version 16
VisualStudioVersion = 16.0.30803.129
MinimumVisualStudioVersion = 10.0.40219.1
Project("{9A19103F-16F7-4668-BE54-9A1E7A4F7556}") = "BlazorApp1", "BlazorApp1\BlazorApp1.csproj", "{EC8441E2-7B5F-4790-B474-B284BEF77C11}"
EndProject
Project("{FAE04EC0-301F-11D3-BF4B-00C04F79EFBC}") = "EmployeeMenagment.Models", "EmployeeMenagment.Models\EmployeeMenagment.Models.csproj", "{CEAE1360-B654-47BB-A6B6-C9F31F404E4B}"
EndProject
Project("{FAE04EC0-301F-11D3-BF4B-00C04F79EFBC}") = "EmployeeManegment.Api", "EmployeeManegment.Api\EmployeeManegment.Api.csproj", "{81A4D9C9-D66E-4A7F-B5C2-3FA912688B69}"
EndProject
Global
	GlobalSection(SolutionConfigurationPlatforms) = preSolution
		Debug|Any CPU = Debug|Any CPU
		Release|Any CPU = Release|Any CPU
	EndGlobalSection
	GlobalSection(ProjectConfigurationPlatforms) = postSolution
		{EC8441E2-7B5F-4790-B474-B284BEF77C11}.Debug|Any CPU.ActiveCfg = Debug|Any CPU
		{EC8441E2-7B5F-4790-B474-B284BEF77C11}.Debug|Any CPU.Build.0 = Debug|Any CPU
		{EC8441E2-7B5F-4790-B474-B284BEF77C11}.Release|Any CPU.ActiveCfg = Release|Any CPU
		{EC8441E2-7B5F-4790-B474-B284BEF77C11}.Release|Any CPU.Build.0 = Release|Any CPU
		{CEAE1360-B654-47BB-A6B6-C9F31F404E4B}.Debug|Any CPU.ActiveCfg = Debug|Any CPU
		{CEAE1360-B654-47BB-A6B6-C9F31F404E4B}.Debug|Any CPU.Build.0 = Debug|Any CPU
		{CEAE1360-B654-47BB-A6B6-C9F31F404E4B}.Release|Any CPU.ActiveCfg = Release|Any CPU
		{CEAE1360-B654-47BB-A6B6-C9F31F404E4B}.Release|Any CPU.Build.0 = Release|Any CPU
		{81A4D9C9-D66E-4A7F-B5C2-3FA912688B69}.Debug|Any CPU.ActiveCfg = Debug|Any CPU
		{81A4D9C9-D66E-4A7F-B5C2-3FA912688B69}.Debug|Any CPU.Build.0 = Debug|Any CPU
		{81A4D9C9-D66E-4A7F-B5C2-3FA912688B69}.Release|Any CPU.ActiveCfg = Release|Any CPU
		{81A4D9C9-D66E-4A7F-B5C2-3FA912688B69}.Release|Any CPU.Build.0 = Release|Any CPU
	EndGlobalSection
	GlobalSection(SolutionProperties) = preSolution
		HideSolutionNode = FALSE
	EndGlobalSection
	GlobalSection(ExtensibilityGlobals) = postSolution
		SolutionGuid = {E07C3C63-5D66-403C-BE85-C3E3E4302539}
	EndGlobalSection
EndGlobal
